
Microsoft Visual Studio Solution File, Format Version 12.00
# Visual Studio 2012
# Ranorex Studio 10.7.0
VisualStudioVersion = 12.0.20827.3
MinimumVisualStudioVersion = 10.0.40219.1
Project("{2150E333-8FDC-42A3-9474-1A3956D46DE8}") = "Solution Items", "Solution Items", "{20CA365F-6C9E-49D5-B2A1-0DA5C79C19AE}"
	ProjectSection(SolutionItems) = postProject
		Ranorex = .\Ranorex.rxsettings
	EndProjectSection
EndProject
Project("{FAE04EC0-301F-11D3-BF4B-00C04F79EFBC}") = "RJ1_demo", "RJ1_demo\RJ1_demo.csproj", "{08AF9E05-E935-420D-B382-36DDC36DDF5A}"
EndProject
Global
	GlobalSection(SolutionConfigurationPlatforms) = preSolution
		Debug|x86 = Debug|x86
		Release|x86 = Release|x86
	EndGlobalSection
	GlobalSection(ProjectConfigurationPlatforms) = postSolution
		{08AF9E05-E935-420D-B382-36DDC36DDF5A}.Debug|x86.Build.0 = Debug|x86
		{08AF9E05-E935-420D-B382-36DDC36DDF5A}.Debug|x86.ActiveCfg = Debug|x86
		{08AF9E05-E935-420D-B382-36DDC36DDF5A}.Release|x86.Build.0 = Release|x86
		{08AF9E05-E935-420D-B382-36DDC36DDF5A}.Release|x86.ActiveCfg = Release|x86
	EndGlobalSection
EndGlobal
